{
  "requires": true,
  "lockfileVersion": 1,
  "dependencies": {
    "@expo/react-native-action-sheet": {
      "version": "0.4.0",
      "resolved": "https://registry.npmjs.org/@expo/react-native-action-sheet/-/react-native-action-sheet-0.4.0.tgz",
      "integrity": "sha512-0JOPvw1NXs0KCmiC5r+Sdhtd8DX6Q8b0cklWQi3+m69fzGddMZUMcyudxzQNKGzfaOtN6FWOpefB7LXUF3NM7w==",
      "requires": {
        "hoist-non-react-statics": "1.2.0"
      }
    },
    "deep-diff": {
      "version": "0.3.8",
      "resolved": "https://registry.npmjs.org/deep-diff/-/deep-diff-0.3.8.tgz",
      "integrity": "sha1-wB3mPvsO7JeYgB1Ax+Da4ltYLIQ="
    },
    "hoist-non-react-statics": {
      "version": "1.2.0",
      "resolved": "https://registry.npmjs.org/hoist-non-react-statics/-/hoist-non-react-statics-1.2.0.tgz",
      "integrity": "sha1-qkSM8JhtVcxAdzsXF0t90GbLfPs="
    },
    "redux-logger": {
      "version": "3.0.6",
      "resolved": "https://registry.npmjs.org/redux-logger/-/redux-logger-3.0.6.tgz",
      "integrity": "sha1-91VZZvMJjzyIYExEnPC69XeCdL8=",
      "requires": {
        "deep-diff": "0.3.8"
      }
    }
  }
}
